
Microsoft Visual Studio Solution File, Format Version 12.00
# Visual Studio Version 17
VisualStudioVersion = 17.14.37216.2 d17.14
MinimumVisualStudioVersion = 10.0.40219.1
Project("{FAE04EC0-301F-11D3-BF4B-00C04F79EFBC}") = "WebForms-MVP", "WebForms-MVP\WebForms-MVP.csproj", "{A732012A-1230-4C5A-A152-A5A03FB5E0BD}"
EndProject
Global
	GlobalSection(SolutionConfigurationPlatforms) = preSolution
		Debug|Any CPU = Debug|Any CPU
		Release|Any CPU = Release|Any CPU
	EndGlobalSection
	GlobalSection(ProjectConfigurationPlatforms) = postSolution
		{A732012A-1230-4C5A-A152-A5A03FB5E0BD}.Debug|Any CPU.ActiveCfg = Debug|Any CPU
		{A732012A-1230-4C5A-A152-A5A03FB5E0BD}.Debug|Any CPU.Build.0 = Debug|Any CPU
		{A732012A-1230-4C5A-A152-A5A03FB5E0BD}.Release|Any CPU.ActiveCfg = Release|Any CPU
		{A732012A-1230-4C5A-A152-A5A03FB5E0BD}.Release|Any CPU.Build.0 = Release|Any CPU
	EndGlobalSection
	GlobalSection(SolutionProperties) = preSolution
		HideSolutionNode = FALSE
	EndGlobalSection
	GlobalSection(ExtensibilityGlobals) = postSolution
		SolutionGuid = {E5296DE1-F732-4351-BD80-049D31646AC9}
	EndGlobalSection
EndGlobal
